<?xml version="1.0" encoding="utf-8"?>
<Project ToolsVersion="4.0" xmlns="http://schemas.microsoft.com/developer/msbuild/2003">
  <ItemGroup>
    <Filter Include="ソース ファイル">
      <UniqueIdentifier>{4FC737F1-C7A5-4376-A066-2A32D752A2FF}</UniqueIdentifier>
      <Extensions>cpp;c;cc;cxx;c++;cppm;ixx;def;odl;idl;hpj;bat;asm;asmx</Extensions>
    </Filter>
    <Filter Include="ヘッダー ファイル">
      <UniqueIdentifier>{93995380-89BD-4b04-88EB-625FBE52EBFB}</UniqueIdentifier>
      <Extensions>h;hh;hpp;hxx;h++;hm;inl;inc;ipp;xsd</Extensions>
    </Filter>
    <Filter Include="リソース ファイル">
      <UniqueIdentifier>{67DA6AB6-F800-4c08-8B7A-83BB121AAD01}</UniqueIdentifier>
      <Extensions>rc;ico;cur;bmp;dlg;rc2;rct;bin;rgs;gif;jpg;jpeg;jpe;resx;tiff;tif;png;wav;mfcribbon-ms</Extensions>
    </Filter>
    <Filter Include="Entry">
      <UniqueIdentifier>{fc57b560-6a20-4059-be29-22a517bd9039}</UniqueIdentifier>
    </Filter>
    <Filter Include="Window">
      <UniqueIdentifier>{878305aa-f552-4706-8e3c-24328f48646b}</UniqueIdentifier>
    </Filter>
    <Filter Include="DirectX">
      <UniqueIdentifier>{2d8db9c7-0f21-4689-83dd-5fb2af501c12}</UniqueIdentifier>
    </Filter>
    <Filter Include="Polygon">
      <UniqueIdentifier>{fbbce472-164e-4e60-aceb-4a9ed52d216b}</UniqueIdentifier>
    </Filter>
    <Filter Include="Object">
      <UniqueIdentifier>{674d149b-ebef-440f-9809-3841ed45c818}</UniqueIdentifier>
    </Filter>
    <Filter Include="GameManager">
      <UniqueIdentifier>{d942a850-e29b-490e-ab83-c60704ad1849}</UniqueIdentifier>
    </Filter>
    <Filter Include="Component">
      <UniqueIdentifier>{8c3a425d-1075-4f04-8dc3-b8f5abd79ff3}</UniqueIdentifier>
    </Filter>
  </ItemGroup>
  <ItemGroup>
    <ClInclude Include="..\Window\Window.h">
      <Filter>Window</Filter>
    </ClInclude>
    <ClInclude Include="..\DirectX\DXGI.h">
      <Filter>DirectX</Filter>
    </ClInclude>
    <ClInclude Include="..\DirectX\Device.h">
      <Filter>DirectX</Filter>
    </ClInclude>
    <ClInclude Include="..\DirectX\SwapChain.h">
      <Filter>DirectX</Filter>
    </ClInclude>
    <ClInclude Include="..\DirectX\CommandQueue.h">
      <Filter>DirectX</Filter>
    </ClInclude>
    <ClInclude Include="..\DirectX\Fence.h">
      <Filter>DirectX</Filter>
    </ClInclude>
    <ClInclude Include="..\DirectX\Descriptor_Heap.h">
      <Filter>DirectX</Filter>
    </ClInclude>
    <ClInclude Include="..\DirectX\CommandList.h">
      <Filter>DirectX</Filter>
    </ClInclude>
    <ClInclude Include="..\DirectX\CommandAllocator.h">
      <Filter>DirectX</Filter>
    </ClInclude>
    <ClInclude Include="..\DirectX\RenderTarget.h">
      <Filter>DirectX</Filter>
    </ClInclude>
    <ClInclude Include="..\Polygon\Polygon.h">
      <Filter>Polygon</Filter>
    </ClInclude>
    <ClInclude Include="..\Polygon\Triangle.h">
      <Filter>Polygon</Filter>
    </ClInclude>
    <ClInclude Include="..\DirectX\CompileShader.h">
      <Filter>DirectX</Filter>
    </ClInclude>
    <ClInclude Include="..\DirectX\RootSignature.h">
      <Filter>DirectX</Filter>
    </ClInclude>
    <ClInclude Include="..\DirectX\PiplineState.h">
      <Filter>DirectX</Filter>
    </ClInclude>
    <ClInclude Include="..\DirectX\ConstantBuffer.h">
      <Filter>DirectX</Filter>
    </ClInclude>
    <ClInclude Include="..\Object\GameObject.h">
      <Filter>Object</Filter>
    </ClInclude>
    <ClInclude Include="..\DirectX\DepthBuffer.h">
      <Filter>DirectX</Filter>
    </ClInclude>
    <ClInclude Include="..\GameManager\Utility.h">
      <Filter>GameManager</Filter>
    </ClInclude>
    <ClInclude Include="..\GameManager\GameObjectManager.h">
      <Filter>GameManager</Filter>
    </ClInclude>
    <ClInclude Include="..\GameManager\DescriptorManager.h">
      <Filter>GameManager</Filter>
    </ClInclude>
    <ClInclude Include="..\GameManager\PolygonManager.h">
      <Filter>GameManager</Filter>
    </ClInclude>
    <ClInclude Include="..\Object\Camera.h">
      <Filter>Object</Filter>
    </ClInclude>
    <ClInclude Include="..\Object\Enemy.h">
      <Filter>Object</Filter>
    </ClInclude>
    <ClInclude Include="..\Object\Bullet.h">
      <Filter>Object</Filter>
    </ClInclude>
    <ClInclude Include="..\Polygon\Square.h">
      <Filter>Polygon</Filter>
    </ClInclude>
    <ClInclude Include="..\Window\Input.h">
      <Filter>Window</Filter>
    </ClInclude>
    <ClInclude Include="..\Polygon\Square Pyramid.h">
      <Filter>Polygon</Filter>
    </ClInclude>
    <ClInclude Include="..\Polygon\Cube.h">
      <Filter>Polygon</Filter>
    </ClInclude>
    <ClInclude Include="..\Polygon\OutLineCube.h">
      <Filter>Polygon</Filter>
    </ClInclude>
    <ClInclude Include="..\Object\Player.h">
      <Filter>Object</Filter>
    </ClInclude>
    <ClInclude Include="..\Component\Collision.h">
      <Filter>Component</Filter>
    </ClInclude>
    <ClInclude Include="..\Component\Component.h">
      <Filter>Component</Filter>
    </ClInclude>
  </ItemGroup>
  <ItemGroup>
    <ClCompile Include="..\Window\Window.cpp">
      <Filter>Window</Filter>
    </ClCompile>
    <ClCompile Include="..\Entry\Entry.cpp">
      <Filter>Entry</Filter>
    </ClCompile>
    <ClCompile Include="..\DirectX\DXGI.cpp">
      <Filter>DirectX</Filter>
    </ClCompile>
    <ClCompile Include="..\DirectX\Device.cpp">
      <Filter>DirectX</Filter>
    </ClCompile>
    <ClCompile Include="..\DirectX\SwapChain.cpp">
      <Filter>DirectX</Filter>
    </ClCompile>
    <ClCompile Include="..\DirectX\CommandQueue.cpp">
      <Filter>DirectX</Filter>
    </ClCompile>
    <ClCompile Include="..\DirectX\Fence.cpp">
      <Filter>DirectX</Filter>
    </ClCompile>
    <ClCompile Include="..\DirectX\Descriptor_Heap.cpp">
      <Filter>DirectX</Filter>
    </ClCompile>
    <ClCompile Include="..\DirectX\CommandList.cpp">
      <Filter>DirectX</Filter>
    </ClCompile>
    <ClCompile Include="..\DirectX\CommandAllocator.cpp">
      <Filter>DirectX</Filter>
    </ClCompile>
    <ClCompile Include="..\DirectX\RenderTarget.cpp">
      <Filter>DirectX</Filter>
    </ClCompile>
    <ClCompile Include="..\Polygon\Polygon.cpp">
      <Filter>Polygon</Filter>
    </ClCompile>
    <ClCompile Include="..\Polygon\Triangle.cpp">
      <Filter>Polygon</Filter>
    </ClCompile>
    <ClCompile Include="..\DirectX\CompileShader.cpp">
      <Filter>DirectX</Filter>
    </ClCompile>
    <ClCompile Include="..\DirectX\RootSignature.cpp">
      <Filter>DirectX</Filter>
    </ClCompile>
    <ClCompile Include="..\DirectX\PiplineState.cpp">
      <Filter>DirectX</Filter>
    </ClCompile>
    <ClCompile Include="..\DirectX\ConstantBuffer.cpp">
      <Filter>DirectX</Filter>
    </ClCompile>
    <ClCompile Include="..\Object\GameObject.cpp">
      <Filter>Object</Filter>
    </ClCompile>
    <ClCompile Include="..\DirectX\DepthBuffer.cpp">
      <Filter>DirectX</Filter>
    </ClCompile>
    <ClCompile Include="..\GameManager\GameObjectManager.cpp">
      <Filter>GameManager</Filter>
    </ClCompile>
    <ClCompile Include="..\GameManager\DescriptorManager.cpp">
      <Filter>GameManager</Filter>
    </ClCompile>
    <ClCompile Include="..\GameManager\PolygonManager.cpp">
      <Filter>GameManager</Filter>
    </ClCompile>
    <ClCompile Include="..\Object\Camera.cpp">
      <Filter>Object</Filter>
    </ClCompile>
    <ClCompile Include="..\Object\Enemy.cpp">
      <Filter>Object</Filter>
    </ClCompile>
    <ClCompile Include="..\Object\Bullet.cpp">
      <Filter>Object</Filter>
    </ClCompile>
    <ClCompile Include="..\Polygon\Spuare.cpp">
      <Filter>Polygon</Filter>
    </ClCompile>
    <ClCompile Include="..\Window\Input.cpp">
      <Filter>Window</Filter>
    </ClCompile>
    <ClCompile Include="..\Polygon\Square Pyramid.cpp">
      <Filter>Polygon</Filter>
    </ClCompile>
    <ClCompile Include="..\Polygon\Cube.cpp">
      <Filter>Polygon</Filter>
    </ClCompile>
    <ClCompile Include="..\Polygon\OutLineCube.cpp">
      <Filter>Polygon</Filter>
    </ClCompile>
    <ClCompile Include="..\Object\Player.cpp">
      <Filter>Object</Filter>
    </ClCompile>
    <ClCompile Include="..\Component\Collision.cpp">
      <Filter>Component</Filter>
    </ClCompile>
  </ItemGroup>
</Project>